
Microsoft Visual Studio Solution File, Format Version 12.00
# Visual Studio 15
VisualStudioVersion = 15.0.27428.2037
MinimumVisualStudioVersion = 10.0.40219.1
Project("{FAE04EC0-301F-11D3-BF4B-00C04F79EFBC}") = "ErzeugerVerbraucherSimulation", "ErzeugerVerbraucherSimulation\ErzeugerVerbraucherSimulation.csproj", "{36D055DE-8064-4BCB-B99D-B22AFB19A543}"
EndProject
Global
	GlobalSection(SolutionConfigurationPlatforms) = preSolution
		Debug|Any CPU = Debug|Any CPU
		Release|Any CPU = Release|Any CPU
	EndGlobalSection
	GlobalSection(ProjectConfigurationPlatforms) = postSolution
		{36D055DE-8064-4BCB-B99D-B22AFB19A543}.Debug|Any CPU.ActiveCfg = Debug|Any CPU
		{36D055DE-8064-4BCB-B99D-B22AFB19A543}.Debug|Any CPU.Build.0 = Debug|Any CPU
		{36D055DE-8064-4BCB-B99D-B22AFB19A543}.Release|Any CPU.ActiveCfg = Release|Any CPU
		{36D055DE-8064-4BCB-B99D-B22AFB19A543}.Release|Any CPU.Build.0 = Release|Any CPU
	EndGlobalSection
	GlobalSection(SolutionProperties) = preSolution
		HideSolutionNode = FALSE
	EndGlobalSection
	GlobalSection(ExtensibilityGlobals) = postSolution
		SolutionGuid = {57326FC2-F2D0-4EFE-B65B-3983D80F71F8}
	EndGlobalSection
EndGlobal
