
Microsoft Visual Studio Solution File, Format Version 12.00
# Visual Studio 15
VisualStudioVersion = 15.0.27428.2037
MinimumVisualStudioVersion = 10.0.40219.1
Project("{FAE04EC0-301F-11D3-BF4B-00C04F79EFBC}") = "VererbungCollectionsExceptions", "VererbungCollectionsExceptions\VererbungCollectionsExceptions.csproj", "{DDF52159-7043-47C8-8766-CFF30954C3E0}"
EndProject
Global
	GlobalSection(SolutionConfigurationPlatforms) = preSolution
		Debug|Any CPU = Debug|Any CPU
		Release|Any CPU = Release|Any CPU
	EndGlobalSection
	GlobalSection(ProjectConfigurationPlatforms) = postSolution
		{DDF52159-7043-47C8-8766-CFF30954C3E0}.Debug|Any CPU.ActiveCfg = Debug|Any CPU
		{DDF52159-7043-47C8-8766-CFF30954C3E0}.Debug|Any CPU.Build.0 = Debug|Any CPU
		{DDF52159-7043-47C8-8766-CFF30954C3E0}.Release|Any CPU.ActiveCfg = Release|Any CPU
		{DDF52159-7043-47C8-8766-CFF30954C3E0}.Release|Any CPU.Build.0 = Release|Any CPU
	EndGlobalSection
	GlobalSection(SolutionProperties) = preSolution
		HideSolutionNode = FALSE
	EndGlobalSection
	GlobalSection(ExtensibilityGlobals) = postSolution
		SolutionGuid = {17D5D5B4-278C-4D39-AD68-FE970C263B76}
	EndGlobalSection
EndGlobal
